
Microsoft Visual Studio Solution File, Format Version 12.00
# Visual Studio 15
VisualStudioVersion = 15.0.27130.2010
MinimumVisualStudioVersion = 10.0.40219.1
Project("{FAE04EC0-301F-11D3-BF4B-00C04F79EFBC}") = "MVC_Project", "MVC_Project\MVC_Project.csproj", "{7CC704EF-235B-4BB5-8FB0-7A2A4A1A5A1D}"
EndProject
Global
	GlobalSection(SolutionConfigurationPlatforms) = preSolution
		Debug|Any CPU = Debug|Any CPU
		Release|Any CPU = Release|Any CPU
	EndGlobalSection
	GlobalSection(ProjectConfigurationPlatforms) = postSolution
		{7CC704EF-235B-4BB5-8FB0-7A2A4A1A5A1D}.Debug|Any CPU.ActiveCfg = Debug|Any CPU
		{7CC704EF-235B-4BB5-8FB0-7A2A4A1A5A1D}.Debug|Any CPU.Build.0 = Debug|Any CPU
		{7CC704EF-235B-4BB5-8FB0-7A2A4A1A5A1D}.Release|Any CPU.ActiveCfg = Release|Any CPU
		{7CC704EF-235B-4BB5-8FB0-7A2A4A1A5A1D}.Release|Any CPU.Build.0 = Release|Any CPU
	EndGlobalSection
	GlobalSection(SolutionProperties) = preSolution
		HideSolutionNode = FALSE
	EndGlobalSection
	GlobalSection(ExtensibilityGlobals) = postSolution
		SolutionGuid = {3D0448DD-234A-48D4-968F-DB3EF9777D1A}
	EndGlobalSection
EndGlobal
